<?xml version="1.0" encoding="utf-8"?>
<Project ToolsVersion="4.0" xmlns="http://schemas.microsoft.com/developer/msbuild/2003">
  <ItemGroup>
    <Filter Include="Source Files">
      <UniqueIdentifier>{4FC737F1-C7A5-4376-A066-2A32D752A2FF}</UniqueIdentifier>
      <Extensions>cpp;c;cc;cxx;def;odl;idl;hpj;bat;asm;asmx</Extensions>
    </Filter>
    <Filter Include="Header Files">
      <UniqueIdentifier>{93995380-89BD-4b04-88EB-625FBE52EBFB}</UniqueIdentifier>
      <Extensions>h;hh;hpp;hxx;hm;inl;inc;xsd</Extensions>
    </Filter>
    <Filter Include="Resource Files">
      <UniqueIdentifier>{67DA6AB6-F800-4c08-8B7A-83BB121AAD01}</UniqueIdentifier>
      <Extensions>rc;ico;cur;bmp;dlg;rc2;rct;bin;rgs;gif;jpg;jpeg;jpe;resx;tiff;tif;png;wav;mfcribbon-ms</Extensions>
    </Filter>
  </ItemGroup>
  <ItemGroup>
    <ClCompile Include="main.cpp">
      <Filter>Source Files</Filter>
    </ClCompile>
    <ClCompile Include="OGL_Object.cpp">
      <Filter>Source Files</Filter>
    </ClCompile>
    <ClCompile Include="OGL_Mesh.cpp">
      <Filter>Source Files</Filter>
    </ClCompile>
    <ClCompile Include="OGL_Shader.cpp">
      <Filter>Source Files</Filter>
    </ClCompile>
    <ClCompile Include="OGL_Scene.cpp">
      <Filter>Source Files</Filter>
    </ClCompile>
    <ClCompile Include="OGL_Model.cpp">
      <Filter>Source Files</Filter>
    </ClCompile>
    <ClCompile Include="OGL_TextureLoader.cpp">
      <Filter>Source Files</Filter>
    </ClCompile>
    <ClCompile Include="OGL_Light.cpp">
      <Filter>Source Files</Filter>
    </ClCompile>
    <ClCompile Include="OGL_Renderer.cpp">
      <Filter>Source Files</Filter>
    </ClCompile>
    <ClCompile Include="OGL_RenderObject.cpp">
      <Filter>Source Files</Filter>
    </ClCompile>
  </ItemGroup>
  <ItemGroup>
    <None Include="defaultShader.gs">
      <Filter>Resource Files</Filter>
    </None>
    <None Include="fsDuQ.fs">
      <Filter>Resource Files</Filter>
    </None>
    <None Include="shaderDuQ.vs">
      <Filter>Resource Files</Filter>
    </None>
    <None Include="IlluminationShader.vs">
      <Filter>Resource Files</Filter>
    </None>
    <None Include="IlluminationShader.fs">
      <Filter>Resource Files</Filter>
    </None>
    <None Include="BoundingBox.gs">
      <Filter>Resource Files</Filter>
    </None>
    <None Include="BoundingBox.vs">
      <Filter>Resource Files</Filter>
    </None>
    <None Include="BoundingBox.fs">
      <Filter>Resource Files</Filter>
    </None>
    <None Include="DrawNormals.gs">
      <Filter>Resource Files</Filter>
    </None>
    <None Include="DrawNormals.fs">
      <Filter>Resource Files</Filter>
    </None>
    <None Include="DrawNormals.vs">
      <Filter>Resource Files</Filter>
    </None>
  </ItemGroup>
  <ItemGroup>
    <ClInclude Include="OGL_Object.h">
      <Filter>Header Files</Filter>
    </ClInclude>
    <ClInclude Include="OGL_Mesh.hpp">
      <Filter>Header Files</Filter>
    </ClInclude>
    <ClInclude Include="OGL_Shader.hpp">
      <Filter>Header Files</Filter>
    </ClInclude>
    <ClInclude Include="OGL_InstancedMesh.hpp">
      <Filter>Header Files</Filter>
    </ClInclude>
    <ClInclude Include="OGL_Scene.hpp">
      <Filter>Header Files</Filter>
    </ClInclude>
    <ClInclude Include="OGL_Model.hpp">
      <Filter>Header Files</Filter>
    </ClInclude>
    <ClInclude Include="OGL_TextureLoader.hpp">
      <Filter>Header Files</Filter>
    </ClInclude>
    <ClInclude Include="OGL_Light.hpp">
      <Filter>Header Files</Filter>
    </ClInclude>
    <ClInclude Include="OGL_Renderer.hpp">
      <Filter>Header Files</Filter>
    </ClInclude>
    <ClInclude Include="OGL_RenderObject.hpp">
      <Filter>Header Files</Filter>
    </ClInclude>
  </ItemGroup>
</Project>